lockfileVersion: '9.0'

settings:
  autoInstallPeers: true
  excludeLinksFromLockfile: false

importers:

  .:
    dependencies:
      google-protobuf:
        specifier: ^3.21.4
        version: 3.21.4

packages:

  google-protobuf@3.21.4:
    resolution: {integrity: sha512-MnG7N936zcKTco4Jd2PX2U96Kf9PxygAPKBug+74LHzmHXmceN16MmRcdgZv+DGef/S9YvQAfRsNCn4cjf9yyQ==}

snapshots:

  google-protobuf@3.21.4: {}
